
Microsoft Visual Studio Solution File, Format Version 12.00
# Visual Studio Version 16
VisualStudioVersion = 16.0.29521.150
MinimumVisualStudioVersion = 10.0.40219.1
Project("{9A19103F-16F7-4668-BE54-9A1E7A4F7556}") = "JokerDictionaries", "JokerDictionaries\JokerDictionaries.csproj", "{9F334CC3-5594-4546-B32F-39F447022E8F}"
EndProject
Project("{F2A71F9B-5D33-465A-A702-920D77279786}") = "Trie", "Trie\Trie.fsproj", "{C9AC4FBA-7C8C-427F-BB47-7D77E404BE2A}"
EndProject
Project("{FAE04EC0-301F-11D3-BF4B-00C04F79EFBC}") = "SetDictionary", "SetDictionary\SetDictionary.csproj", "{92B06D3D-629B-407B-BBDB-02A5026ABEA0}"
EndProject
Project("{FAE04EC0-301F-11D3-BF4B-00C04F79EFBC}") = "PermutationSearch", "PermutationSearch\PermutationSearch.csproj", "{8FB939D6-EDAB-495C-93B4-CBB974A994C9}"
EndProject
Project("{FAE04EC0-301F-11D3-BF4B-00C04F79EFBC}") = "ThreeGrammSearch", "ThreeGrammSearch\ThreeGrammSearch.csproj", "{C3EC56BA-2F70-48B3-A78C-DC50E2A0D6F7}"
EndProject
Global
	GlobalSection(SolutionConfigurationPlatforms) = preSolution
		Debug|Any CPU = Debug|Any CPU
		Release|Any CPU = Release|Any CPU
	EndGlobalSection
	GlobalSection(ProjectConfigurationPlatforms) = postSolution
		{9F334CC3-5594-4546-B32F-39F447022E8F}.Debug|Any CPU.ActiveCfg = Debug|Any CPU
		{9F334CC3-5594-4546-B32F-39F447022E8F}.Debug|Any CPU.Build.0 = Debug|Any CPU
		{9F334CC3-5594-4546-B32F-39F447022E8F}.Release|Any CPU.ActiveCfg = Release|Any CPU
		{9F334CC3-5594-4546-B32F-39F447022E8F}.Release|Any CPU.Build.0 = Release|Any CPU
		{C9AC4FBA-7C8C-427F-BB47-7D77E404BE2A}.Debug|Any CPU.ActiveCfg = Debug|Any CPU
		{C9AC4FBA-7C8C-427F-BB47-7D77E404BE2A}.Debug|Any CPU.Build.0 = Debug|Any CPU
		{C9AC4FBA-7C8C-427F-BB47-7D77E404BE2A}.Release|Any CPU.ActiveCfg = Release|Any CPU
		{C9AC4FBA-7C8C-427F-BB47-7D77E404BE2A}.Release|Any CPU.Build.0 = Release|Any CPU
		{92B06D3D-629B-407B-BBDB-02A5026ABEA0}.Debug|Any CPU.ActiveCfg = Debug|Any CPU
		{92B06D3D-629B-407B-BBDB-02A5026ABEA0}.Debug|Any CPU.Build.0 = Debug|Any CPU
		{92B06D3D-629B-407B-BBDB-02A5026ABEA0}.Release|Any CPU.ActiveCfg = Release|Any CPU
		{92B06D3D-629B-407B-BBDB-02A5026ABEA0}.Release|Any CPU.Build.0 = Release|Any CPU
		{8FB939D6-EDAB-495C-93B4-CBB974A994C9}.Debug|Any CPU.ActiveCfg = Debug|Any CPU
		{8FB939D6-EDAB-495C-93B4-CBB974A994C9}.Debug|Any CPU.Build.0 = Debug|Any CPU
		{8FB939D6-EDAB-495C-93B4-CBB974A994C9}.Release|Any CPU.ActiveCfg = Release|Any CPU
		{8FB939D6-EDAB-495C-93B4-CBB974A994C9}.Release|Any CPU.Build.0 = Release|Any CPU
		{C3EC56BA-2F70-48B3-A78C-DC50E2A0D6F7}.Debug|Any CPU.ActiveCfg = Debug|Any CPU
		{C3EC56BA-2F70-48B3-A78C-DC50E2A0D6F7}.Debug|Any CPU.Build.0 = Debug|Any CPU
		{C3EC56BA-2F70-48B3-A78C-DC50E2A0D6F7}.Release|Any CPU.ActiveCfg = Release|Any CPU
		{C3EC56BA-2F70-48B3-A78C-DC50E2A0D6F7}.Release|Any CPU.Build.0 = Release|Any CPU
	EndGlobalSection
	GlobalSection(SolutionProperties) = preSolution
		HideSolutionNode = FALSE
	EndGlobalSection
	GlobalSection(ExtensibilityGlobals) = postSolution
		SolutionGuid = {F0AC244C-02FC-4FDD-86B3-9B46F48E0834}
	EndGlobalSection
EndGlobal
